
Microsoft Visual Studio Solution File, Format Version 12.00
# Visual Studio 15
VisualStudioVersion = 15.0.26403.7
MinimumVisualStudioVersion = 10.0.40219.1
Project("{FAE04EC0-301F-11D3-BF4B-00C04F79EFBC}") = "Biblioteczka domowa", "Biblioteczka domowa\Biblioteczka domowa.csproj", "{B1F4204B-5098-45C2-9F79-712B1FC565AB}"
EndProject
Global
	GlobalSection(SolutionConfigurationPlatforms) = preSolution
		Debug|Any CPU = Debug|Any CPU
		Release|Any CPU = Release|Any CPU
	EndGlobalSection
	GlobalSection(ProjectConfigurationPlatforms) = postSolution
		{B1F4204B-5098-45C2-9F79-712B1FC565AB}.Debug|Any CPU.ActiveCfg = Debug|Any CPU
		{B1F4204B-5098-45C2-9F79-712B1FC565AB}.Debug|Any CPU.Build.0 = Debug|Any CPU
		{B1F4204B-5098-45C2-9F79-712B1FC565AB}.Release|Any CPU.ActiveCfg = Release|Any CPU
		{B1F4204B-5098-45C2-9F79-712B1FC565AB}.Release|Any CPU.Build.0 = Release|Any CPU
	EndGlobalSection
	GlobalSection(SolutionProperties) = preSolution
		HideSolutionNode = FALSE
	EndGlobalSection
EndGlobal
